
Microsoft Visual Studio Solution File, Format Version 12.00
# Visual Studio 15
VisualStudioVersion = 15.0.28010.2050
MinimumVisualStudioVersion = 10.0.40219.1
Project("{FAE04EC0-301F-11D3-BF4B-00C04F79EFBC}") = "CentralService", "CentralService\CentralService.csproj", "{00C11E12-D157-4C1C-B2D8-AC57F2E46F14}"
EndProject
Project("{2150E333-8FDC-42A3-9474-1A3956D46DE8}") = "Solution Items", "Solution Items", "{EA1D5849-F96D-4DFF-A1AF-E1CBC07610CE}"
EndProject
Global
	GlobalSection(SolutionConfigurationPlatforms) = preSolution
		Debug|Any CPU = Debug|Any CPU
		Release|Any CPU = Release|Any CPU
	EndGlobalSection
	GlobalSection(ProjectConfigurationPlatforms) = postSolution
		{00C11E12-D157-4C1C-B2D8-AC57F2E46F14}.Debug|Any CPU.ActiveCfg = Debug|Any CPU
		{00C11E12-D157-4C1C-B2D8-AC57F2E46F14}.Debug|Any CPU.Build.0 = Debug|Any CPU
		{00C11E12-D157-4C1C-B2D8-AC57F2E46F14}.Release|Any CPU.ActiveCfg = Release|Any CPU
		{00C11E12-D157-4C1C-B2D8-AC57F2E46F14}.Release|Any CPU.Build.0 = Release|Any CPU
	EndGlobalSection
	GlobalSection(SolutionProperties) = preSolution
		HideSolutionNode = FALSE
	EndGlobalSection
	GlobalSection(ExtensibilityGlobals) = postSolution
		SolutionGuid = {2A28A786-9E4B-4B90-83D4-547B745F8E42}
	EndGlobalSection
EndGlobal
